{
  "nodes": {
    "dbus-ada-flake": {
      "inputs": {
        "nixpkgs": [
          "nixpkgs"
        ]
      },
      "locked": {
        "lastModified": 1722555038,
        "narHash": "sha256-/d00qu9jXVh9eB1QYCTX/lSdltdVyz0YA2wEWc9VCXA=",
        "owner": "andrewathalye",
        "repo": "dbus-ada",
        "rev": "be090479516ff009e9ed22546480196f8a0d15c9",
        "type": "github"
      },
      "original": {
        "owner": "andrewathalye",
        "repo": "dbus-ada",
        "type": "github"
      }
    },
    "nixpkgs": {
      "locked": {
        "lastModified": 1718208800,
        "narHash": "sha256-US1tAChvPxT52RV8GksWZS415tTS7PV42KTc2PNDBmc=",
        "owner": "NixOS",
        "repo": "nixpkgs",
        "rev": "cc54fb41d13736e92229c21627ea4f22199fee6b",
        "type": "github"
      },
      "original": {
        "owner": "NixOS",
        "repo": "nixpkgs",
        "rev": "cc54fb41d13736e92229c21627ea4f22199fee6b",
        "type": "github"
      }
    },
    "root": {
      "inputs": {
        "dbus-ada-flake": "dbus-ada-flake",
        "nixpkgs": "nixpkgs"
      }
    }
  },
  "root": "root",
  "version": 7
}
