{
  "nodes": {
    "dbus-ada-flake": {
      "inputs": {
        "nixpkgs": [
          "nixpkgs"
        ]
      },
      "locked": {
        "lastModified": 1723491035,
        "narHash": "sha256-fAKlQ+eljIgLdOCjmzwUSFnARb5ranKvaOVIcnEeE4I=",
        "owner": "andrewathalye",
        "repo": "dbus-ada",
        "rev": "1bbeeaff4864ab54ec523bd7cfaad8a238d08ea4",
        "type": "github"
      },
      "original": {
        "owner": "andrewathalye",
        "repo": "dbus-ada",
        "type": "github"
      }
    },
    "nixpkgs": {
      "locked": {
        "lastModified": 1750400657,
        "narHash": "sha256-3vkjFnxCOP6vm5Pm13wC/Zy6/VYgei/I/2DWgW4RFeA=",
        "owner": "NixOS",
        "repo": "nixpkgs",
        "rev": "b2485d56967598da068b5a6946dadda8bfcbcd37",
        "type": "github"
      },
      "original": {
        "owner": "NixOS",
        "repo": "nixpkgs",
        "rev": "b2485d56967598da068b5a6946dadda8bfcbcd37",
        "type": "github"
      }
    },
    "root": {
      "inputs": {
        "dbus-ada-flake": "dbus-ada-flake",
        "nixpkgs": "nixpkgs"
      }
    }
  },
  "root": "root",
  "version": 7
}
