{
  "nodes": {
    "dbus-ada-flake": {
      "inputs": {
        "nixpkgs": [
          "nixpkgs"
        ]
      },
      "locked": {
        "lastModified": 1722564860,
        "narHash": "sha256-Q7FN6zzLrYM8jyXG8/6cMIYvjSVUkKiz3LsOsP4mvqo=",
        "owner": "andrewathalye",
        "repo": "dbus-ada",
        "rev": "9463e334696ebbd6cbd3463375d19a2cbeada43c",
        "type": "github"
      },
      "original": {
        "owner": "andrewathalye",
        "repo": "dbus-ada",
        "type": "github"
      }
    },
    "nixpkgs": {
      "locked": {
        "lastModified": 1718208800,
        "narHash": "sha256-US1tAChvPxT52RV8GksWZS415tTS7PV42KTc2PNDBmc=",
        "owner": "NixOS",
        "repo": "nixpkgs",
        "rev": "cc54fb41d13736e92229c21627ea4f22199fee6b",
        "type": "github"
      },
      "original": {
        "owner": "NixOS",
        "repo": "nixpkgs",
        "rev": "cc54fb41d13736e92229c21627ea4f22199fee6b",
        "type": "github"
      }
    },
    "root": {
      "inputs": {
        "dbus-ada-flake": "dbus-ada-flake",
        "nixpkgs": "nixpkgs"
      }
    }
  },
  "root": "root",
  "version": 7
}
